// !$*UTF8*$!
{
	archiveVersion = 1;
	classes = {
	};
	objectVersion = 56;
	objects = {

/* Begin PBXBuildFile section */
		BC7EC2E82989B0160017B7B4 /* AppDelegate.swift in Sources */ = {isa = PBXBuildFile; fileRef = BC7EC2E72989B0160017B7B4 /* AppDelegate.swift */; };
		BC7EC2EA2989B0160017B7B4 /* SceneDelegate.swift in Sources */ = {isa = PBXBuildFile; fileRef = BC7EC2E92989B0160017B7B4 /* SceneDelegate.swift */; };
		BC7EC2EC2989B0160017B7B4 /* HomeMenuViewController.swift in Sources */ = {isa = PBXBuildFile; fileRef = BC7EC2EB2989B0160017B7B4 /* HomeMenuViewController.swift */; };
		BC7EC2F12989B0190017B7B4 /* Assets.xcassets in Resources */ = {isa = PBXBuildFile; fileRef = BC7EC2F02989B0190017B7B4 /* Assets.xcassets */; };
		BC7EC2F42989B0190017B7B4 /* LaunchScreen.storyboard in Resources */ = {isa = PBXBuildFile; fileRef = BC7EC2F22989B0190017B7B4 /* LaunchScreen.storyboard */; };
		BC7EC2FF2989B0190017B7B4 /* RickAndMortySwiftTests.swift in Sources */ = {isa = PBXBuildFile; fileRef = BC7EC2FE2989B0190017B7B4 /* RickAndMortySwiftTests.swift */; };
		BC7EC3372989BC4E0017B7B4 /* Coordinator.swift in Sources */ = {isa = PBXBuildFile; fileRef = BC7EC3362989BC4E0017B7B4 /* Coordinator.swift */; };
		BC7EC3392989BED70017B7B4 /* MainCoordinator.swift in Sources */ = {isa = PBXBuildFile; fileRef = BC7EC3382989BED70017B7B4 /* MainCoordinator.swift */; };
		BC7EC33B2989BF270017B7B4 /* MainFactory.swift in Sources */ = {isa = PBXBuildFile; fileRef = BC7EC33A2989BF270017B7B4 /* MainFactory.swift */; };
		BC7EC33D2989C26A0017B7B4 /* HomeCoordinator.swift in Sources */ = {isa = PBXBuildFile; fileRef = BC7EC33C2989C26A0017B7B4 /* HomeCoordinator.swift */; };
		BC7EC33F2989C29C0017B7B4 /* HomeFactory.swift in Sources */ = {isa = PBXBuildFile; fileRef = BC7EC33E2989C29C0017B7B4 /* HomeFactory.swift */; };
/* End PBXBuildFile section */

/* Begin PBXContainerItemProxy section */
		BC7EC2FB2989B0190017B7B4 /* PBXContainerItemProxy */ = {
			isa = PBXContainerItemProxy;
			containerPortal = BC7EC2DC2989B0160017B7B4 /* Project object */;
			proxyType = 1;
			remoteGlobalIDString = BC7EC2E32989B0160017B7B4;
			remoteInfo = RickAndMortySwift;
		};
/* End PBXContainerItemProxy section */

/* Begin PBXFileReference section */
		BC7EC2E42989B0160017B7B4 /* RickAndMortySwift.app */ = {isa = PBXFileReference; explicitFileType = wrapper.application; includeInIndex = 0; path = RickAndMortySwift.app; sourceTree = BUILT_PRODUCTS_DIR; };
		BC7EC2E72989B0160017B7B4 /* AppDelegate.swift */ = {isa = PBXFileReference; lastKnownFileType = sourcecode.swift; path = AppDelegate.swift; sourceTree = "<group>"; };
		BC7EC2E92989B0160017B7B4 /* SceneDelegate.swift */ = {isa = PBXFileReference; lastKnownFileType = sourcecode.swift; path = SceneDelegate.swift; sourceTree = "<group>"; };
		BC7EC2EB2989B0160017B7B4 /* HomeMenuViewController.swift */ = {isa = PBXFileReference; lastKnownFileType = sourcecode.swift; path = HomeMenuViewController.swift; sourceTree = "<group>"; };
		BC7EC2F02989B0190017B7B4 /* Assets.xcassets */ = {isa = PBXFileReference; lastKnownFileType = folder.assetcatalog; path = Assets.xcassets; sourceTree = "<group>"; };
		BC7EC2F32989B0190017B7B4 /* Base */ = {isa = PBXFileReference; lastKnownFileType = file.storyboard; name = Base; path = Base.lproj/LaunchScreen.storyboard; sourceTree = "<group>"; };
		BC7EC2F52989B0190017B7B4 /* Info.plist */ = {isa = PBXFileReference; lastKnownFileType = text.plist.xml; path = Info.plist; sourceTree = "<group>"; };
		BC7EC2FA2989B0190017B7B4 /* RickAndMortySwiftTests.xctest */ = {isa = PBXFileReference; explicitFileType = wrapper.cfbundle; includeInIndex = 0; path = RickAndMortySwiftTests.xctest; sourceTree = BUILT_PRODUCTS_DIR; };
		BC7EC2FE2989B0190017B7B4 /* RickAndMortySwiftTests.swift */ = {isa = PBXFileReference; lastKnownFileType = sourcecode.swift; path = RickAndMortySwiftTests.swift; sourceTree = "<group>"; };
		BC7EC3362989BC4E0017B7B4 /* Coordinator.swift */ = {isa = PBXFileReference; lastKnownFileType = sourcecode.swift; path = Coordinator.swift; sourceTree = "<group>"; };
		BC7EC3382989BED70017B7B4 /* MainCoordinator.swift */ = {isa = PBXFileReference; lastKnownFileType = sourcecode.swift; path = MainCoordinator.swift; sourceTree = "<group>"; };
		BC7EC33A2989BF270017B7B4 /* MainFactory.swift */ = {isa = PBXFileReference; lastKnownFileType = sourcecode.swift; path = MainFactory.swift; sourceTree = "<group>"; };
		BC7EC33C2989C26A0017B7B4 /* HomeCoordinator.swift */ = {isa = PBXFileReference; lastKnownFileType = sourcecode.swift; path = HomeCoordinator.swift; sourceTree = "<group>"; };
		BC7EC33E2989C29C0017B7B4 /* HomeFactory.swift */ = {isa = PBXFileReference; lastKnownFileType = sourcecode.swift; path = HomeFactory.swift; sourceTree = "<group>"; };
/* End PBXFileReference section */

/* Begin PBXFrameworksBuildPhase section */
		BC7EC2E12989B0160017B7B4 /* Frameworks */ = {
			isa = PBXFrameworksBuildPhase;
			buildActionMask = 2147483647;
			files = (
			);
			runOnlyForDeploymentPostprocessing = 0;
		};
		BC7EC2F72989B0190017B7B4 /* Frameworks */ = {
			isa = PBXFrameworksBuildPhase;
			buildActionMask = 2147483647;
			files = (
			);
			runOnlyForDeploymentPostprocessing = 0;
		};
/* End PBXFrameworksBuildPhase section */

/* Begin PBXGroup section */
		BC7EC2DB2989B0160017B7B4 = {
			isa = PBXGroup;
			children = (
				BC7EC2E62989B0160017B7B4 /* RickAndMortySwift */,
				BC7EC2FD2989B0190017B7B4 /* RickAndMortySwiftTests */,
				BC7EC2E52989B0160017B7B4 /* Products */,
			);
			sourceTree = "<group>";
		};
		BC7EC2E52989B0160017B7B4 /* Products */ = {
			isa = PBXGroup;
			children = (
				BC7EC2E42989B0160017B7B4 /* RickAndMortySwift.app */,
				BC7EC2FA2989B0190017B7B4 /* RickAndMortySwiftTests.xctest */,
			);
			name = Products;
			sourceTree = "<group>";
		};
		BC7EC2E62989B0160017B7B4 /* RickAndMortySwift */ = {
			isa = PBXGroup;
			children = (
				BC7EC3202989B5530017B7B4 /* Storage */,
				BC7EC31F2989B5400017B7B4 /* Networking */,
				BC7EC31E2989B53B0017B7B4 /* Common */,
				BC7EC31D2989B52E0017B7B4 /* ScreenModules */,
				BC7EC3192989B3FE0017B7B4 /* CompositionRoot */,
				BC7EC31A2989B40E0017B7B4 /* Resources */,
				BC7EC31C2989B4230017B7B4 /* SupportFiles */,
			);
			path = RickAndMortySwift;
			sourceTree = "<group>";
		};
		BC7EC2FD2989B0190017B7B4 /* RickAndMortySwiftTests */ = {
			isa = PBXGroup;
			children = (
				BC7EC2FE2989B0190017B7B4 /* RickAndMortySwiftTests.swift */,
			);
			path = RickAndMortySwiftTests;
			sourceTree = "<group>";
		};
		BC7EC3172989B3ED0017B7B4 /* HomeMenu */ = {
			isa = PBXGroup;
			children = (
				BC7EC2EB2989B0160017B7B4 /* HomeMenuViewController.swift */,
			);
			path = HomeMenu;
			sourceTree = "<group>";
		};
		BC7EC3182989B3F20017B7B4 /* Characters */ = {
			isa = PBXGroup;
			children = (
			);
			path = Characters;
			sourceTree = "<group>";
		};
		BC7EC3192989B3FE0017B7B4 /* CompositionRoot */ = {
			isa = PBXGroup;
			children = (
				BC7EC3352989B72D0017B7B4 /* System */,
				BC7EC3342989B6B60017B7B4 /* DIContainer */,
				BC7EC3332989B6AB0017B7B4 /* Factories */,
				BC7EC3302989B68D0017B7B4 /* Coordinator */,
			);
			path = CompositionRoot;
			sourceTree = "<group>";
		};
		BC7EC31A2989B40E0017B7B4 /* Resources */ = {
			isa = PBXGroup;
			children = (
				BC7EC2F02989B0190017B7B4 /* Assets.xcassets */,
			);
			path = Resources;
			sourceTree = "<group>";
		};
		BC7EC31B2989B4160017B7B4 /* LaunchScreen */ = {
			isa = PBXGroup;
			children = (
				BC7EC2F22989B0190017B7B4 /* LaunchScreen.storyboard */,
			);
			path = LaunchScreen;
			sourceTree = "<group>";
		};
		BC7EC31C2989B4230017B7B4 /* SupportFiles */ = {
			isa = PBXGroup;
			children = (
				BC7EC2F52989B0190017B7B4 /* Info.plist */,
			);
			path = SupportFiles;
			sourceTree = "<group>";
		};
		BC7EC31D2989B52E0017B7B4 /* ScreenModules */ = {
			isa = PBXGroup;
			children = (
				BC7EC31B2989B4160017B7B4 /* LaunchScreen */,
				BC7EC3252989B5EE0017B7B4 /* LocationDetail */,
				BC7EC3242989B5E90017B7B4 /* Origin */,
				BC7EC3232989B5E40017B7B4 /* Episodes */,
				BC7EC3222989B5DF0017B7B4 /* Location */,
				BC7EC3212989B5CF0017B7B4 /* CharacterDetail */,
				BC7EC3182989B3F20017B7B4 /* Characters */,
				BC7EC3172989B3ED0017B7B4 /* HomeMenu */,
			);
			path = ScreenModules;
			sourceTree = "<group>";
		};
		BC7EC31E2989B53B0017B7B4 /* Common */ = {
			isa = PBXGroup;
			children = (
				BC7EC32F2989B6420017B7B4 /* Localize */,
				BC7EC32E2989B63B0017B7B4 /* StateController */,
				BC7EC32D2989B6330017B7B4 /* Utils */,
				BC7EC3292989B6170017B7B4 /* Layer */,
				BC7EC3272989B6090017B7B4 /* Constants */,
				BC7EC3262989B5FE0017B7B4 /* Extension */,
			);
			path = Common;
			sourceTree = "<group>";
		};
		BC7EC31F2989B5400017B7B4 /* Networking */ = {
			isa = PBXGroup;
			children = (
			);
			path = Networking;
			sourceTree = "<group>";
		};
		BC7EC3202989B5530017B7B4 /* Storage */ = {
			isa = PBXGroup;
			children = (
			);
			path = Storage;
			sourceTree = "<group>";
		};
		BC7EC3212989B5CF0017B7B4 /* CharacterDetail */ = {
			isa = PBXGroup;
			children = (
			);
			path = CharacterDetail;
			sourceTree = "<group>";
		};
		BC7EC3222989B5DF0017B7B4 /* Location */ = {
			isa = PBXGroup;
			children = (
			);
			path = Location;
			sourceTree = "<group>";
		};
		BC7EC3232989B5E40017B7B4 /* Episodes */ = {
			isa = PBXGroup;
			children = (
			);
			path = Episodes;
			sourceTree = "<group>";
		};
		BC7EC3242989B5E90017B7B4 /* Origin */ = {
			isa = PBXGroup;
			children = (
			);
			path = Origin;
			sourceTree = "<group>";
		};
		BC7EC3252989B5EE0017B7B4 /* LocationDetail */ = {
			isa = PBXGroup;
			children = (
			);
			path = LocationDetail;
			sourceTree = "<group>";
		};
		BC7EC3262989B5FE0017B7B4 /* Extension */ = {
			isa = PBXGroup;
			children = (
			);
			path = Extension;
			sourceTree = "<group>";
		};
		BC7EC3272989B6090017B7B4 /* Constants */ = {
			isa = PBXGroup;
			children = (
			);
			path = Constants;
			sourceTree = "<group>";
		};
		BC7EC3282989B60C0017B7B4 /* Components */ = {
			isa = PBXGroup;
			children = (
			);
			path = Components;
			sourceTree = "<group>";
		};
		BC7EC3292989B6170017B7B4 /* Layer */ = {
			isa = PBXGroup;
			children = (
				BC7EC32C2989B6210017B7B4 /* Presentation */,
				BC7EC32B2989B61D0017B7B4 /* Domain */,
				BC7EC32A2989B61A0017B7B4 /* Data */,
			);
			path = Layer;
			sourceTree = "<group>";
		};
		BC7EC32A2989B61A0017B7B4 /* Data */ = {
			isa = PBXGroup;
			children = (
			);
			path = Data;
			sourceTree = "<group>";
		};
		BC7EC32B2989B61D0017B7B4 /* Domain */ = {
			isa = PBXGroup;
			children = (
			);
			path = Domain;
			sourceTree = "<group>";
		};
		BC7EC32C2989B6210017B7B4 /* Presentation */ = {
			isa = PBXGroup;
			children = (
				BC7EC3282989B60C0017B7B4 /* Components */,
			);
			path = Presentation;
			sourceTree = "<group>";
		};
		BC7EC32D2989B6330017B7B4 /* Utils */ = {
			isa = PBXGroup;
			children = (
			);
			path = Utils;
			sourceTree = "<group>";
		};
		BC7EC32E2989B63B0017B7B4 /* StateController */ = {
			isa = PBXGroup;
			children = (
			);
			path = StateController;
			sourceTree = "<group>";
		};
		BC7EC32F2989B6420017B7B4 /* Localize */ = {
			isa = PBXGroup;
			children = (
			);
			path = Localize;
			sourceTree = "<group>";
		};
		BC7EC3302989B68D0017B7B4 /* Coordinator */ = {
			isa = PBXGroup;
			children = (
				BC7EC3322989B6990017B7B4 /* CoordinatorScreen */,
				BC7EC3312989B6920017B7B4 /* Utils */,
				BC7EC3362989BC4E0017B7B4 /* Coordinator.swift */,
				BC7EC3382989BED70017B7B4 /* MainCoordinator.swift */,
			);
			path = Coordinator;
			sourceTree = "<group>";
		};
		BC7EC3312989B6920017B7B4 /* Utils */ = {
			isa = PBXGroup;
			children = (
			);
			path = Utils;
			sourceTree = "<group>";
		};
		BC7EC3322989B6990017B7B4 /* CoordinatorScreen */ = {
			isa = PBXGroup;
			children = (
				BC7EC33C2989C26A0017B7B4 /* HomeCoordinator.swift */,
			);
			path = CoordinatorScreen;
			sourceTree = "<group>";
		};
		BC7EC3332989B6AB0017B7B4 /* Factories */ = {
			isa = PBXGroup;
			children = (
				BC7EC33A2989BF270017B7B4 /* MainFactory.swift */,
				BC7EC33E2989C29C0017B7B4 /* HomeFactory.swift */,
			);
			path = Factories;
			sourceTree = "<group>";
		};
		BC7EC3342989B6B60017B7B4 /* DIContainer */ = {
			isa = PBXGroup;
			children = (
			);
			path = DIContainer;
			sourceTree = "<group>";
		};
		BC7EC3352989B72D0017B7B4 /* System */ = {
			isa = PBXGroup;
			children = (
				BC7EC2E72989B0160017B7B4 /* AppDelegate.swift */,
				BC7EC2E92989B0160017B7B4 /* SceneDelegate.swift */,
			);
			path = System;
			sourceTree = "<group>";
		};
/* End PBXGroup section */

/* Begin PBXNativeTarget section */
		BC7EC2E32989B0160017B7B4 /* RickAndMortySwift */ = {
			isa = PBXNativeTarget;
			buildConfigurationList = BC7EC30E2989B0190017B7B4 /* Build configuration list for PBXNativeTarget "RickAndMortySwift" */;
			buildPhases = (
				BC7EC2E02989B0160017B7B4 /* Sources */,
				BC7EC2E12989B0160017B7B4 /* Frameworks */,
				BC7EC2E22989B0160017B7B4 /* Resources */,
			);
			buildRules = (
			);
			dependencies = (
			);
			name = RickAndMortySwift;
			productName = RickAndMortySwift;
			productReference = BC7EC2E42989B0160017B7B4 /* RickAndMortySwift.app */;
			productType = "com.apple.product-type.application";
		};
		BC7EC2F92989B0190017B7B4 /* RickAndMortySwiftTests */ = {
			isa = PBXNativeTarget;
			buildConfigurationList = BC7EC3112989B0190017B7B4 /* Build configuration list for PBXNativeTarget "RickAndMortySwiftTests" */;
			buildPhases = (
				BC7EC2F62989B0190017B7B4 /* Sources */,
				BC7EC2F72989B0190017B7B4 /* Frameworks */,
				BC7EC2F82989B0190017B7B4 /* Resources */,
			);
			buildRules = (
			);
			dependencies = (
				BC7EC2FC2989B0190017B7B4 /* PBXTargetDependency */,
			);
			name = RickAndMortySwiftTests;
			productName = RickAndMortySwiftTests;
			productReference = BC7EC2FA2989B0190017B7B4 /* RickAndMortySwiftTests.xctest */;
			productType = "com.apple.product-type.bundle.unit-test";
		};
/* End PBXNativeTarget section */

/* Begin PBXProject section */
		BC7EC2DC2989B0160017B7B4 /* Project object */ = {
			isa = PBXProject;
			attributes = {
				BuildIndependentTargetsInParallel = 1;
				LastSwiftUpdateCheck = 1420;
				LastUpgradeCheck = 1420;
				TargetAttributes = {
					BC7EC2E32989B0160017B7B4 = {
						CreatedOnToolsVersion = 14.2;
					};
					BC7EC2F92989B0190017B7B4 = {
						CreatedOnToolsVersion = 14.2;
						TestTargetID = BC7EC2E32989B0160017B7B4;
					};
				};
			};
			buildConfigurationList = BC7EC2DF2989B0160017B7B4 /* Build configuration list for PBXProject "RickAndMortySwift" */;
			compatibilityVersion = "Xcode 14.0";
			developmentRegion = en;
			hasScannedForEncodings = 0;
			knownRegions = (
				en,
				Base,
			);
			mainGroup = BC7EC2DB2989B0160017B7B4;
			productRefGroup = BC7EC2E52989B0160017B7B4 /* Products */;
			projectDirPath = "";
			projectRoot = "";
			targets = (
				BC7EC2E32989B0160017B7B4 /* RickAndMortySwift */,
				BC7EC2F92989B0190017B7B4 /* RickAndMortySwiftTests */,
			);
		};
/* End PBXProject section */

/* Begin PBXResourcesBuildPhase section */
		BC7EC2E22989B0160017B7B4 /* Resources */ = {
			isa = PBXResourcesBuildPhase;
			buildActionMask = 2147483647;
			files = (
				BC7EC2F42989B0190017B7B4 /* LaunchScreen.storyboard in Resources */,
				BC7EC2F12989B0190017B7B4 /* Assets.xcassets in Resources */,
			);
			runOnlyForDeploymentPostprocessing = 0;
		};
		BC7EC2F82989B0190017B7B4 /* Resources */ = {
			isa = PBXResourcesBuildPhase;
			buildActionMask = 2147483647;
			files = (
			);
			runOnlyForDeploymentPostprocessing = 0;
		};
/* End PBXResourcesBuildPhase section */

/* Begin PBXSourcesBuildPhase section */
		BC7EC2E02989B0160017B7B4 /* Sources */ = {
			isa = PBXSourcesBuildPhase;
			buildActionMask = 2147483647;
			files = (
				BC7EC3372989BC4E0017B7B4 /* Coordinator.swift in Sources */,
				BC7EC33B2989BF270017B7B4 /* MainFactory.swift in Sources */,
				BC7EC2EC2989B0160017B7B4 /* HomeMenuViewController.swift in Sources */,
				BC7EC3392989BED70017B7B4 /* MainCoordinator.swift in Sources */,
				BC7EC2E82989B0160017B7B4 /* AppDelegate.swift in Sources */,
				BC7EC33F2989C29C0017B7B4 /* HomeFactory.swift in Sources */,
				BC7EC33D2989C26A0017B7B4 /* HomeCoordinator.swift in Sources */,
				BC7EC2EA2989B0160017B7B4 /* SceneDelegate.swift in Sources */,
			);
			runOnlyForDeploymentPostprocessing = 0;
		};
		BC7EC2F62989B0190017B7B4 /* Sources */ = {
			isa = PBXSourcesBuildPhase;
			buildActionMask = 2147483647;
			files = (
				BC7EC2FF2989B0190017B7B4 /* RickAndMortySwiftTests.swift in Sources */,
			);
			runOnlyForDeploymentPostprocessing = 0;
		};
/* End PBXSourcesBuildPhase section */

/* Begin PBXTargetDependency section */
		BC7EC2FC2989B0190017B7B4 /* PBXTargetDependency */ = {
			isa = PBXTargetDependency;
			target = BC7EC2E32989B0160017B7B4 /* RickAndMortySwift */;
			targetProxy = BC7EC2FB2989B0190017B7B4 /* PBXContainerItemProxy */;
		};
/* End PBXTargetDependency section */

/* Begin PBXVariantGroup section */
		BC7EC2F22989B0190017B7B4 /* LaunchScreen.storyboard */ = {
			isa = PBXVariantGroup;
			children = (
				BC7EC2F32989B0190017B7B4 /* Base */,
			);
			name = LaunchScreen.storyboard;
			sourceTree = "<group>";
		};
/* End PBXVariantGroup section */

/* Begin XCBuildConfiguration section */
		BC7EC30C2989B0190017B7B4 /* Debug */ = {
			isa = XCBuildConfiguration;
			buildSettings = {
				ALWAYS_SEARCH_USER_PATHS = NO;
				CLANG_ANALYZER_NONNULL = YES;
				CLANG_ANALYZER_NUMBER_OBJECT_CONVERSION = YES_AGGRESSIVE;
				CLANG_CXX_LANGUAGE_STANDARD = "gnu++20";
				CLANG_ENABLE_MODULES = YES;
				CLANG_ENABLE_OBJC_ARC = YES;
				CLANG_ENABLE_OBJC_WEAK = YES;
				CLANG_WARN_BLOCK_CAPTURE_AUTORELEASING = YES;
				CLANG_WARN_BOOL_CONVERSION = YES;
				CLANG_WARN_COMMA = YES;
				CLANG_WARN_CONSTANT_CONVERSION = YES;
				CLANG_WARN_DEPRECATED_OBJC_IMPLEMENTATIONS = YES;
				CLANG_WARN_DIRECT_OBJC_ISA_USAGE = YES_ERROR;
				CLANG_WARN_DOCUMENTATION_COMMENTS = YES;
				CLANG_WARN_EMPTY_BODY = YES;
				CLANG_WARN_ENUM_CONVERSION = YES;
				CLANG_WARN_INFINITE_RECURSION = YES;
				CLANG_WARN_INT_CONVERSION = YES;
				CLANG_WARN_NON_LITERAL_NULL_CONVERSION = YES;
				CLANG_WARN_OBJC_IMPLICIT_RETAIN_SELF = YES;
				CLANG_WARN_OBJC_LITERAL_CONVERSION = YES;
				CLANG_WARN_OBJC_ROOT_CLASS = YES_ERROR;
				CLANG_WARN_QUOTED_INCLUDE_IN_FRAMEWORK_HEADER = YES;
				CLANG_WARN_RANGE_LOOP_ANALYSIS = YES;
				CLANG_WARN_STRICT_PROTOTYPES = YES;
				CLANG_WARN_SUSPICIOUS_MOVE = YES;
				CLANG_WARN_UNGUARDED_AVAILABILITY = YES_AGGRESSIVE;
				CLANG_WARN_UNREACHABLE_CODE = YES;
				CLANG_WARN__DUPLICATE_METHOD_MATCH = YES;
				COPY_PHASE_STRIP = NO;
				DEBUG_INFORMATION_FORMAT = dwarf;
				ENABLE_STRICT_OBJC_MSGSEND = YES;
				ENABLE_TESTABILITY = YES;
				GCC_C_LANGUAGE_STANDARD = gnu11;
				GCC_DYNAMIC_NO_PIC = NO;
				GCC_NO_COMMON_BLOCKS = YES;
				GCC_OPTIMIZATION_LEVEL = 0;
				GCC_PREPROCESSOR_DEFINITIONS = (
					"DEBUG=1",
					"$(inherited)",
				);
				GCC_WARN_64_TO_32_BIT_CONVERSION = YES;
				GCC_WARN_ABOUT_RETURN_TYPE = YES_ERROR;
				GCC_WARN_UNDECLARED_SELECTOR = YES;
				GCC_WARN_UNINITIALIZED_AUTOS = YES_AGGRESSIVE;
				GCC_WARN_UNUSED_FUNCTION = YES;
				GCC_WARN_UNUSED_VARIABLE = YES;
				IPHONEOS_DEPLOYMENT_TARGET = 16.2;
				MTL_ENABLE_DEBUG_INFO = INCLUDE_SOURCE;
				MTL_FAST_MATH = YES;
				ONLY_ACTIVE_ARCH = YES;
				SDKROOT = iphoneos;
				SWIFT_ACTIVE_COMPILATION_CONDITIONS = DEBUG;
				SWIFT_OPTIMIZATION_LEVEL = "-Onone";
			};
			name = Debug;
		};
		BC7EC30D2989B0190017B7B4 /* Release */ = {
			isa = XCBuildConfiguration;
			buildSettings = {
				ALWAYS_SEARCH_USER_PATHS = NO;
				CLANG_ANALYZER_NONNULL = YES;
				CLANG_ANALYZER_NUMBER_OBJECT_CONVERSION = YES_AGGRESSIVE;
				CLANG_CXX_LANGUAGE_STANDARD = "gnu++20";
				CLANG_ENABLE_MODULES = YES;
				CLANG_ENABLE_OBJC_ARC = YES;
				CLANG_ENABLE_OBJC_WEAK = YES;
				CLANG_WARN_BLOCK_CAPTURE_AUTORELEASING = YES;
				CLANG_WARN_BOOL_CONVERSION = YES;
				CLANG_WARN_COMMA = YES;
				CLANG_WARN_CONSTANT_CONVERSION = YES;
				CLANG_WARN_DEPRECATED_OBJC_IMPLEMENTATIONS = YES;
				CLANG_WARN_DIRECT_OBJC_ISA_USAGE = YES_ERROR;
				CLANG_WARN_DOCUMENTATION_COMMENTS = YES;
				CLANG_WARN_EMPTY_BODY = YES;
				CLANG_WARN_ENUM_CONVERSION = YES;
				CLANG_WARN_INFINITE_RECURSION = YES;
				CLANG_WARN_INT_CONVERSION = YES;
				CLANG_WARN_NON_LITERAL_NULL_CONVERSION = YES;
				CLANG_WARN_OBJC_IMPLICIT_RETAIN_SELF = YES;
				CLANG_WARN_OBJC_LITERAL_CONVERSION = YES;
				CLANG_WARN_OBJC_ROOT_CLASS = YES_ERROR;
				CLANG_WARN_QUOTED_INCLUDE_IN_FRAMEWORK_HEADER = YES;
				CLANG_WARN_RANGE_LOOP_ANALYSIS = YES;
				CLANG_WARN_STRICT_PROTOTYPES = YES;
				CLANG_WARN_SUSPICIOUS_MOVE = YES;
				CLANG_WARN_UNGUARDED_AVAILABILITY = YES_AGGRESSIVE;
				CLANG_WARN_UNREACHABLE_CODE = YES;
				CLANG_WARN__DUPLICATE_METHOD_MATCH = YES;
				COPY_PHASE_STRIP = NO;
				DEBUG_INFORMATION_FORMAT = "dwarf-with-dsym";
				ENABLE_NS_ASSERTIONS = NO;
				ENABLE_STRICT_OBJC_MSGSEND = YES;
				GCC_C_LANGUAGE_STANDARD = gnu11;
				GCC_NO_COMMON_BLOCKS = YES;
				GCC_WARN_64_TO_32_BIT_CONVERSION = YES;
				GCC_WARN_ABOUT_RETURN_TYPE = YES_ERROR;
				GCC_WARN_UNDECLARED_SELECTOR = YES;
				GCC_WARN_UNINITIALIZED_AUTOS = YES_AGGRESSIVE;
				GCC_WARN_UNUSED_FUNCTION = YES;
				GCC_WARN_UNUSED_VARIABLE = YES;
				IPHONEOS_DEPLOYMENT_TARGET = 16.2;
				MTL_ENABLE_DEBUG_INFO = NO;
				MTL_FAST_MATH = YES;
				SDKROOT = iphoneos;
				SWIFT_COMPILATION_MODE = wholemodule;
				SWIFT_OPTIMIZATION_LEVEL = "-O";
				VALIDATE_PRODUCT = YES;
			};
			name = Release;
		};
		BC7EC30F2989B0190017B7B4 /* Debug */ = {
			isa = XCBuildConfiguration;
			buildSettings = {
				ASSETCATALOG_COMPILER_APPICON_NAME = AppIcon;
				ASSETCATALOG_COMPILER_GLOBAL_ACCENT_COLOR_NAME = AccentColor;
				CODE_SIGN_STYLE = Automatic;
				CURRENT_PROJECT_VERSION = 1;
				DEVELOPMENT_TEAM = 5S22W76BBZ;
				GENERATE_INFOPLIST_FILE = YES;
				INFOPLIST_FILE = RickAndMortySwift/Info.plist;
				INFOPLIST_KEY_CFBundleDisplayName = "RAM API";
				INFOPLIST_KEY_UIApplicationSceneManifest_Generation = YES;
				INFOPLIST_KEY_UIApplicationSupportsIndirectInputEvents = YES;
				INFOPLIST_KEY_UILaunchStoryboardName = LaunchScreen.storyboard;
				INFOPLIST_KEY_UIMainStoryboardFile = "";
				INFOPLIST_KEY_UISupportedInterfaceOrientations = UIInterfaceOrientationPortrait;
				LD_RUNPATH_SEARCH_PATHS = (
					"$(inherited)",
					"@executable_path/Frameworks",
				);
				MARKETING_VERSION = 1.0.0;
				PRODUCT_BUNDLE_IDENTIFIER = com.kevinhomorales.RickAndMortySwift;
				PRODUCT_NAME = "$(TARGET_NAME)";
				SWIFT_EMIT_LOC_STRINGS = YES;
				SWIFT_VERSION = 5.0;
				TARGETED_DEVICE_FAMILY = "1,2";
			};
			name = Debug;
		};
		BC7EC3102989B0190017B7B4 /* Release */ = {
			isa = XCBuildConfiguration;
			buildSettings = {
				ASSETCATALOG_COMPILER_APPICON_NAME = AppIcon;
				ASSETCATALOG_COMPILER_GLOBAL_ACCENT_COLOR_NAME = AccentColor;
				CODE_SIGN_STYLE = Automatic;
				CURRENT_PROJECT_VERSION = 1;
				DEVELOPMENT_TEAM = 5S22W76BBZ;
				GENERATE_INFOPLIST_FILE = YES;
				INFOPLIST_FILE = RickAndMortySwift/Info.plist;
				INFOPLIST_KEY_CFBundleDisplayName = "RAM API";
				INFOPLIST_KEY_UIApplicationSceneManifest_Generation = YES;
				INFOPLIST_KEY_UIApplicationSupportsIndirectInputEvents = YES;
				INFOPLIST_KEY_UILaunchStoryboardName = LaunchScreen.storyboard;
				INFOPLIST_KEY_UIMainStoryboardFile = "";
				INFOPLIST_KEY_UISupportedInterfaceOrientations = UIInterfaceOrientationPortrait;
				LD_RUNPATH_SEARCH_PATHS = (
					"$(inherited)",
					"@executable_path/Frameworks",
				);
				MARKETING_VERSION = 1.0.0;
				PRODUCT_BUNDLE_IDENTIFIER = com.kevinhomorales.RickAndMortySwift;
				PRODUCT_NAME = "$(TARGET_NAME)";
				SWIFT_EMIT_LOC_STRINGS = YES;
				SWIFT_VERSION = 5.0;
				TARGETED_DEVICE_FAMILY = "1,2";
			};
			name = Release;
		};
		BC7EC3122989B0190017B7B4 /* Debug */ = {
			isa = XCBuildConfiguration;
			buildSettings = {
				ALWAYS_EMBED_SWIFT_STANDARD_LIBRARIES = YES;
				BUNDLE_LOADER = "$(TEST_HOST)";
				CODE_SIGN_STYLE = Automatic;
				CURRENT_PROJECT_VERSION = 1;
				DEVELOPMENT_TEAM = 5S22W76BBZ;
				GENERATE_INFOPLIST_FILE = YES;
				IPHONEOS_DEPLOYMENT_TARGET = 16.2;
				MARKETING_VERSION = 1.0;
				PRODUCT_BUNDLE_IDENTIFIER = com.kevinhomorales.RickAndMortySwiftTests;
				PRODUCT_NAME = "$(TARGET_NAME)";
				SWIFT_EMIT_LOC_STRINGS = NO;
				SWIFT_VERSION = 5.0;
				TARGETED_DEVICE_FAMILY = "1,2";
				TEST_HOST = "$(BUILT_PRODUCTS_DIR)/RickAndMortySwift.app/$(BUNDLE_EXECUTABLE_FOLDER_PATH)/RickAndMortySwift";
			};
			name = Debug;
		};
		BC7EC3132989B0190017B7B4 /* Release */ = {
			isa = XCBuildConfiguration;
			buildSettings = {
				ALWAYS_EMBED_SWIFT_STANDARD_LIBRARIES = YES;
				BUNDLE_LOADER = "$(TEST_HOST)";
				CODE_SIGN_STYLE = Automatic;
				CURRENT_PROJECT_VERSION = 1;
				DEVELOPMENT_TEAM = 5S22W76BBZ;
				GENERATE_INFOPLIST_FILE = YES;
				IPHONEOS_DEPLOYMENT_TARGET = 16.2;
				MARKETING_VERSION = 1.0;
				PRODUCT_BUNDLE_IDENTIFIER = com.kevinhomorales.RickAndMortySwiftTests;
				PRODUCT_NAME = "$(TARGET_NAME)";
				SWIFT_EMIT_LOC_STRINGS = NO;
				SWIFT_VERSION = 5.0;
				TARGETED_DEVICE_FAMILY = "1,2";
				TEST_HOST = "$(BUILT_PRODUCTS_DIR)/RickAndMortySwift.app/$(BUNDLE_EXECUTABLE_FOLDER_PATH)/RickAndMortySwift";
			};
			name = Release;
		};
/* End XCBuildConfiguration section */

/* Begin XCConfigurationList section */
		BC7EC2DF2989B0160017B7B4 /* Build configuration list for PBXProject "RickAndMortySwift" */ = {
			isa = XCConfigurationList;
			buildConfigurations = (
				BC7EC30C2989B0190017B7B4 /* Debug */,
				BC7EC30D2989B0190017B7B4 /* Release */,
			);
			defaultConfigurationIsVisible = 0;
			defaultConfigurationName = Release;
		};
		BC7EC30E2989B0190017B7B4 /* Build configuration list for PBXNativeTarget "RickAndMortySwift" */ = {
			isa = XCConfigurationList;
			buildConfigurations = (
				BC7EC30F2989B0190017B7B4 /* Debug */,
				BC7EC3102989B0190017B7B4 /* Release */,
			);
			defaultConfigurationIsVisible = 0;
			defaultConfigurationName = Release;
		};
		BC7EC3112989B0190017B7B4 /* Build configuration list for PBXNativeTarget "RickAndMortySwiftTests" */ = {
			isa = XCConfigurationList;
			buildConfigurations = (
				BC7EC3122989B0190017B7B4 /* Debug */,
				BC7EC3132989B0190017B7B4 /* Release */,
			);
			defaultConfigurationIsVisible = 0;
			defaultConfigurationName = Release;
		};
/* End XCConfigurationList section */
	};
	rootObject = BC7EC2DC2989B0160017B7B4 /* Project object */;
}
